{
  "pins" : [
    {
      "identity" : "l10n-swift",
      "kind" : "remoteSourceControl",
      "location" : "https://github.com/Decybel07/L10n-swift.git",
      "state" : {
        "revision" : "ad62717311be1eb4571d0025902a0043fdaf5a33",
        "version" : "5.10.3"
      }
    }
  ],
  "version" : 2
}
